// !$*UTF8*$!
{
	archiveVersion = 1;
	classes = {
	};
	objectVersion = 56;
	objects = {

/* Begin PBXBuildFile section */
		045A3EE02B46F8B0002E11F6 /* FoodAdvisorApp.swift in Sources */ = {isa = PBXBuildFile; fileRef = 045A3EDF2B46F8B0002E11F6 /* FoodAdvisorApp.swift */; };
		045A3EE22B46F8B0002E11F6 /* ContentView.swift in Sources */ = {isa = PBXBuildFile; fileRef = 045A3EE12B46F8B0002E11F6 /* ContentView.swift */; };
		045A3EE42B46F8B1002E11F6 /* Assets.xcassets in Resources */ = {isa = PBXBuildFile; fileRef = 045A3EE32B46F8B1002E11F6 /* Assets.xcassets */; };
		045A3EE72B46F8B1002E11F6 /* Preview Assets.xcassets in Resources */ = {isa = PBXBuildFile; fileRef = 045A3EE62B46F8B1002E11F6 /* Preview Assets.xcassets */; };
		045A3F662B4705F6002E11F6 /* Food.swift in Sources */ = {isa = PBXBuildFile; fileRef = 045A3F602B4705F6002E11F6 /* Food.swift */; };
		045A3F682B4705F6002E11F6 /* Category.swift in Sources */ = {isa = PBXBuildFile; fileRef = 045A3F622B4705F6002E11F6 /* Category.swift */; };
		0483BB302B48035700136330 /* FoodInfoScreen.swift in Sources */ = {isa = PBXBuildFile; fileRef = 0483BB2F2B48035700136330 /* FoodInfoScreen.swift */; };
		0483BB322B48095900136330 /* PagingAsyncImagesView.swift in Sources */ = {isa = PBXBuildFile; fileRef = 0483BB312B48095900136330 /* PagingAsyncImagesView.swift */; };
		0483BB352B483A4400136330 /* FoodUiModel.swift in Sources */ = {isa = PBXBuildFile; fileRef = 0483BB342B483A4400136330 /* FoodUiModel.swift */; };
		0483BB372B483FAA00136330 /* CategoryUiModel.swift in Sources */ = {isa = PBXBuildFile; fileRef = 0483BB362B483FAA00136330 /* CategoryUiModel.swift */; };
		0483BB3B2B485CDB00136330 /* CategoryTitleView.swift in Sources */ = {isa = PBXBuildFile; fileRef = 0483BB3A2B485CDB00136330 /* CategoryTitleView.swift */; };
		0483BB3E2B4A870000136330 /* MainScreen.swift in Sources */ = {isa = PBXBuildFile; fileRef = 0483BB3D2B4A870000136330 /* MainScreen.swift */; };
		0483BB402B4A87F500136330 /* FoodOfDayView.swift in Sources */ = {isa = PBXBuildFile; fileRef = 0483BB3F2B4A87F500136330 /* FoodOfDayView.swift */; };
		0483BB422B4A998900136330 /* AllFoodLabelView.swift in Sources */ = {isa = PBXBuildFile; fileRef = 0483BB412B4A998900136330 /* AllFoodLabelView.swift */; };
		0483BB442B4AD32E00136330 /* FilterBottomSheetView.swift in Sources */ = {isa = PBXBuildFile; fileRef = 0483BB432B4AD32E00136330 /* FilterBottomSheetView.swift */; };
		048632222B4ECB3700873FCB /* AddPhotoView.swift in Sources */ = {isa = PBXBuildFile; fileRef = 048632212B4ECB3700873FCB /* AddPhotoView.swift */; };
		04D279F62B5BD7660008EE18 /* NewFoodScreen.swift in Sources */ = {isa = PBXBuildFile; fileRef = 04D279F52B5BD7660008EE18 /* NewFoodScreen.swift */; };
		04D279F92B5BDD4D0008EE18 /* NewFoodScreenState.swift in Sources */ = {isa = PBXBuildFile; fileRef = 04D279F82B5BDD4D0008EE18 /* NewFoodScreenState.swift */; };
		04D279FB2B5BDDA70008EE18 /* AddImagesView.swift in Sources */ = {isa = PBXBuildFile; fileRef = 04D279FA2B5BDDA70008EE18 /* AddImagesView.swift */; };
/* End PBXBuildFile section */

/* Begin PBXFileReference section */
		045A3EDC2B46F8B0002E11F6 /* FoodAdvisor.app */ = {isa = PBXFileReference; explicitFileType = wrapper.application; includeInIndex = 0; path = FoodAdvisor.app; sourceTree = BUILT_PRODUCTS_DIR; };
		045A3EDF2B46F8B0002E11F6 /* FoodAdvisorApp.swift */ = {isa = PBXFileReference; lastKnownFileType = sourcecode.swift; path = FoodAdvisorApp.swift; sourceTree = "<group>"; };
		045A3EE12B46F8B0002E11F6 /* ContentView.swift */ = {isa = PBXFileReference; lastKnownFileType = sourcecode.swift; path = ContentView.swift; sourceTree = "<group>"; };
		045A3EE32B46F8B1002E11F6 /* Assets.xcassets */ = {isa = PBXFileReference; lastKnownFileType = folder.assetcatalog; path = Assets.xcassets; sourceTree = "<group>"; };
		045A3EE62B46F8B1002E11F6 /* Preview Assets.xcassets */ = {isa = PBXFileReference; lastKnownFileType = folder.assetcatalog; path = "Preview Assets.xcassets"; sourceTree = "<group>"; };
		045A3F602B4705F6002E11F6 /* Food.swift */ = {isa = PBXFileReference; lastKnownFileType = sourcecode.swift; path = Food.swift; sourceTree = SOURCE_ROOT; };
		045A3F622B4705F6002E11F6 /* Category.swift */ = {isa = PBXFileReference; lastKnownFileType = sourcecode.swift; path = Category.swift; sourceTree = SOURCE_ROOT; };
		0483BB2F2B48035700136330 /* FoodInfoScreen.swift */ = {isa = PBXFileReference; lastKnownFileType = sourcecode.swift; path = FoodInfoScreen.swift; sourceTree = "<group>"; };
		0483BB312B48095900136330 /* PagingAsyncImagesView.swift */ = {isa = PBXFileReference; lastKnownFileType = sourcecode.swift; path = PagingAsyncImagesView.swift; sourceTree = "<group>"; };
		0483BB342B483A4400136330 /* FoodUiModel.swift */ = {isa = PBXFileReference; lastKnownFileType = sourcecode.swift; path = FoodUiModel.swift; sourceTree = "<group>"; };
		0483BB362B483FAA00136330 /* CategoryUiModel.swift */ = {isa = PBXFileReference; lastKnownFileType = sourcecode.swift; path = CategoryUiModel.swift; sourceTree = "<group>"; };
		0483BB3A2B485CDB00136330 /* CategoryTitleView.swift */ = {isa = PBXFileReference; lastKnownFileType = sourcecode.swift; path = CategoryTitleView.swift; sourceTree = "<group>"; };
		0483BB3D2B4A870000136330 /* MainScreen.swift */ = {isa = PBXFileReference; lastKnownFileType = sourcecode.swift; path = MainScreen.swift; sourceTree = "<group>"; };
		0483BB3F2B4A87F500136330 /* FoodOfDayView.swift */ = {isa = PBXFileReference; lastKnownFileType = sourcecode.swift; path = FoodOfDayView.swift; sourceTree = "<group>"; };
		0483BB412B4A998900136330 /* AllFoodLabelView.swift */ = {isa = PBXFileReference; lastKnownFileType = sourcecode.swift; path = AllFoodLabelView.swift; sourceTree = "<group>"; };
		0483BB432B4AD32E00136330 /* FilterBottomSheetView.swift */ = {isa = PBXFileReference; lastKnownFileType = sourcecode.swift; path = FilterBottomSheetView.swift; sourceTree = "<group>"; };
		048632212B4ECB3700873FCB /* AddPhotoView.swift */ = {isa = PBXFileReference; lastKnownFileType = sourcecode.swift; path = AddPhotoView.swift; sourceTree = "<group>"; };
		04D279F52B5BD7660008EE18 /* NewFoodScreen.swift */ = {isa = PBXFileReference; lastKnownFileType = sourcecode.swift; path = NewFoodScreen.swift; sourceTree = "<group>"; };
		04D279F82B5BDD4D0008EE18 /* NewFoodScreenState.swift */ = {isa = PBXFileReference; lastKnownFileType = sourcecode.swift; path = NewFoodScreenState.swift; sourceTree = "<group>"; };
		04D279FA2B5BDDA70008EE18 /* AddImagesView.swift */ = {isa = PBXFileReference; lastKnownFileType = sourcecode.swift; path = AddImagesView.swift; sourceTree = "<group>"; };
/* End PBXFileReference section */

/* Begin PBXFrameworksBuildPhase section */
		045A3ED92B46F8B0002E11F6 /* Frameworks */ = {
			isa = PBXFrameworksBuildPhase;
			buildActionMask = 2147483647;
			files = (
			);
			runOnlyForDeploymentPostprocessing = 0;
		};
/* End PBXFrameworksBuildPhase section */

/* Begin PBXGroup section */
		045A3ED32B46F8B0002E11F6 = {
			isa = PBXGroup;
			children = (
				045A3EDE2B46F8B0002E11F6 /* FoodAdvisor */,
				045A3EDD2B46F8B0002E11F6 /* Products */,
			);
			sourceTree = "<group>";
		};
		045A3EDD2B46F8B0002E11F6 /* Products */ = {
			isa = PBXGroup;
			children = (
				045A3EDC2B46F8B0002E11F6 /* FoodAdvisor.app */,
			);
			name = Products;
			sourceTree = "<group>";
		};
		045A3EDE2B46F8B0002E11F6 /* FoodAdvisor */ = {
			isa = PBXGroup;
			children = (
				0483BB2D2B48033600136330 /* View */,
				045A3EF12B47027C002E11F6 /* Entity */,
				045A3EDF2B46F8B0002E11F6 /* FoodAdvisorApp.swift */,
				045A3EE12B46F8B0002E11F6 /* ContentView.swift */,
				045A3EE32B46F8B1002E11F6 /* Assets.xcassets */,
				045A3EE52B46F8B1002E11F6 /* Preview Content */,
			);
			path = FoodAdvisor;
			sourceTree = "<group>";
		};
		045A3EE52B46F8B1002E11F6 /* Preview Content */ = {
			isa = PBXGroup;
			children = (
				045A3EE62B46F8B1002E11F6 /* Preview Assets.xcassets */,
			);
			path = "Preview Content";
			sourceTree = "<group>";
		};
		045A3EF12B47027C002E11F6 /* Entity */ = {
			isa = PBXGroup;
			children = (
				045A3F602B4705F6002E11F6 /* Food.swift */,
				045A3F622B4705F6002E11F6 /* Category.swift */,
			);
			path = Entity;
			sourceTree = "<group>";
		};
		0483BB2D2B48033600136330 /* View */ = {
			isa = PBXGroup;
			children = (
				04D279F72B5BD8140008EE18 /* NewFood */,
				0483BB3C2B4A86DC00136330 /* Main */,
				0483BB332B483A3700136330 /* Models */,
				0483BB2E2B48034300136330 /* FoodInfo */,
			);
			path = View;
			sourceTree = "<group>";
		};
		0483BB2E2B48034300136330 /* FoodInfo */ = {
			isa = PBXGroup;
			children = (
				0483BB2F2B48035700136330 /* FoodInfoScreen.swift */,
				0483BB312B48095900136330 /* PagingAsyncImagesView.swift */,
				048632212B4ECB3700873FCB /* AddPhotoView.swift */,
			);
			path = FoodInfo;
			sourceTree = "<group>";
		};
		0483BB332B483A3700136330 /* Models */ = {
			isa = PBXGroup;
			children = (
				0483BB342B483A4400136330 /* FoodUiModel.swift */,
				0483BB362B483FAA00136330 /* CategoryUiModel.swift */,
			);
			path = Models;
			sourceTree = "<group>";
		};
		0483BB3C2B4A86DC00136330 /* Main */ = {
			isa = PBXGroup;
			children = (
				0483BB3A2B485CDB00136330 /* CategoryTitleView.swift */,
				0483BB3D2B4A870000136330 /* MainScreen.swift */,
				0483BB3F2B4A87F500136330 /* FoodOfDayView.swift */,
				0483BB412B4A998900136330 /* AllFoodLabelView.swift */,
				0483BB432B4AD32E00136330 /* FilterBottomSheetView.swift */,
			);
			path = Main;
			sourceTree = "<group>";
		};
		04D279F72B5BD8140008EE18 /* NewFood */ = {
			isa = PBXGroup;
			children = (
				04D279F52B5BD7660008EE18 /* NewFoodScreen.swift */,
				04D279F82B5BDD4D0008EE18 /* NewFoodScreenState.swift */,
				04D279FA2B5BDDA70008EE18 /* AddImagesView.swift */,
			);
			path = NewFood;
			sourceTree = "<group>";
		};
/* End PBXGroup section */

/* Begin PBXNativeTarget section */
		045A3EDB2B46F8B0002E11F6 /* FoodAdvisor */ = {
			isa = PBXNativeTarget;
			buildConfigurationList = 045A3EEA2B46F8B1002E11F6 /* Build configuration list for PBXNativeTarget "FoodAdvisor" */;
			buildPhases = (
				045A3ED82B46F8B0002E11F6 /* Sources */,
				045A3ED92B46F8B0002E11F6 /* Frameworks */,
				045A3EDA2B46F8B0002E11F6 /* Resources */,
			);
			buildRules = (
			);
			dependencies = (
			);
			name = FoodAdvisor;
			productName = FoodAdvisor;
			productReference = 045A3EDC2B46F8B0002E11F6 /* FoodAdvisor.app */;
			productType = "com.apple.product-type.application";
		};
/* End PBXNativeTarget section */

/* Begin PBXProject section */
		045A3ED42B46F8B0002E11F6 /* Project object */ = {
			isa = PBXProject;
			attributes = {
				BuildIndependentTargetsInParallel = 1;
				LastSwiftUpdateCheck = 1500;
				LastUpgradeCheck = 1500;
				TargetAttributes = {
					045A3EDB2B46F8B0002E11F6 = {
						CreatedOnToolsVersion = 15.0;
					};
				};
			};
			buildConfigurationList = 045A3ED72B46F8B0002E11F6 /* Build configuration list for PBXProject "FoodAdvisor" */;
			compatibilityVersion = "Xcode 14.0";
			developmentRegion = en;
			hasScannedForEncodings = 0;
			knownRegions = (
				en,
				Base,
			);
			mainGroup = 045A3ED32B46F8B0002E11F6;
			productRefGroup = 045A3EDD2B46F8B0002E11F6 /* Products */;
			projectDirPath = "";
			projectRoot = "";
			targets = (
				045A3EDB2B46F8B0002E11F6 /* FoodAdvisor */,
			);
		};
/* End PBXProject section */

/* Begin PBXResourcesBuildPhase section */
		045A3EDA2B46F8B0002E11F6 /* Resources */ = {
			isa = PBXResourcesBuildPhase;
			buildActionMask = 2147483647;
			files = (
				045A3EE72B46F8B1002E11F6 /* Preview Assets.xcassets in Resources */,
				045A3EE42B46F8B1002E11F6 /* Assets.xcassets in Resources */,
			);
			runOnlyForDeploymentPostprocessing = 0;
		};
/* End PBXResourcesBuildPhase section */

/* Begin PBXSourcesBuildPhase section */
		045A3ED82B46F8B0002E11F6 /* Sources */ = {
			isa = PBXSourcesBuildPhase;
			buildActionMask = 2147483647;
			files = (
				0483BB442B4AD32E00136330 /* FilterBottomSheetView.swift in Sources */,
				045A3EE22B46F8B0002E11F6 /* ContentView.swift in Sources */,
				045A3F682B4705F6002E11F6 /* Category.swift in Sources */,
				0483BB3E2B4A870000136330 /* MainScreen.swift in Sources */,
				0483BB402B4A87F500136330 /* FoodOfDayView.swift in Sources */,
				04D279F62B5BD7660008EE18 /* NewFoodScreen.swift in Sources */,
				04D279F92B5BDD4D0008EE18 /* NewFoodScreenState.swift in Sources */,
				0483BB352B483A4400136330 /* FoodUiModel.swift in Sources */,
				048632222B4ECB3700873FCB /* AddPhotoView.swift in Sources */,
				04D279FB2B5BDDA70008EE18 /* AddImagesView.swift in Sources */,
				0483BB302B48035700136330 /* FoodInfoScreen.swift in Sources */,
				045A3F662B4705F6002E11F6 /* Food.swift in Sources */,
				0483BB322B48095900136330 /* PagingAsyncImagesView.swift in Sources */,
				0483BB372B483FAA00136330 /* CategoryUiModel.swift in Sources */,
				0483BB422B4A998900136330 /* AllFoodLabelView.swift in Sources */,
				0483BB3B2B485CDB00136330 /* CategoryTitleView.swift in Sources */,
				045A3EE02B46F8B0002E11F6 /* FoodAdvisorApp.swift in Sources */,
			);
			runOnlyForDeploymentPostprocessing = 0;
		};
/* End PBXSourcesBuildPhase section */

/* Begin XCBuildConfiguration section */
		045A3EE82B46F8B1002E11F6 /* Debug */ = {
			isa = XCBuildConfiguration;
			buildSettings = {
				ALWAYS_SEARCH_USER_PATHS = NO;
				ASSETCATALOG_COMPILER_GENERATE_SWIFT_ASSET_SYMBOL_EXTENSIONS = YES;
				CLANG_ANALYZER_NONNULL = YES;
				CLANG_ANALYZER_NUMBER_OBJECT_CONVERSION = YES_AGGRESSIVE;
				CLANG_CXX_LANGUAGE_STANDARD = "gnu++20";
				CLANG_ENABLE_MODULES = YES;
				CLANG_ENABLE_OBJC_ARC = YES;
				CLANG_ENABLE_OBJC_WEAK = YES;
				CLANG_WARN_BLOCK_CAPTURE_AUTORELEASING = YES;
				CLANG_WARN_BOOL_CONVERSION = YES;
				CLANG_WARN_COMMA = YES;
				CLANG_WARN_CONSTANT_CONVERSION = YES;
				CLANG_WARN_DEPRECATED_OBJC_IMPLEMENTATIONS = YES;
				CLANG_WARN_DIRECT_OBJC_ISA_USAGE = YES_ERROR;
				CLANG_WARN_DOCUMENTATION_COMMENTS = YES;
				CLANG_WARN_EMPTY_BODY = YES;
				CLANG_WARN_ENUM_CONVERSION = YES;
				CLANG_WARN_INFINITE_RECURSION = YES;
				CLANG_WARN_INT_CONVERSION = YES;
				CLANG_WARN_NON_LITERAL_NULL_CONVERSION = YES;
				CLANG_WARN_OBJC_IMPLICIT_RETAIN_SELF = YES;
				CLANG_WARN_OBJC_LITERAL_CONVERSION = YES;
				CLANG_WARN_OBJC_ROOT_CLASS = YES_ERROR;
				CLANG_WARN_QUOTED_INCLUDE_IN_FRAMEWORK_HEADER = YES;
				CLANG_WARN_RANGE_LOOP_ANALYSIS = YES;
				CLANG_WARN_STRICT_PROTOTYPES = YES;
				CLANG_WARN_SUSPICIOUS_MOVE = YES;
				CLANG_WARN_UNGUARDED_AVAILABILITY = YES_AGGRESSIVE;
				CLANG_WARN_UNREACHABLE_CODE = YES;
				CLANG_WARN__DUPLICATE_METHOD_MATCH = YES;
				COPY_PHASE_STRIP = NO;
				DEBUG_INFORMATION_FORMAT = dwarf;
				ENABLE_STRICT_OBJC_MSGSEND = YES;
				ENABLE_TESTABILITY = YES;
				ENABLE_USER_SCRIPT_SANDBOXING = YES;
				GCC_C_LANGUAGE_STANDARD = gnu17;
				GCC_DYNAMIC_NO_PIC = NO;
				GCC_NO_COMMON_BLOCKS = YES;
				GCC_OPTIMIZATION_LEVEL = 0;
				GCC_PREPROCESSOR_DEFINITIONS = (
					"DEBUG=1",
					"$(inherited)",
				);
				GCC_WARN_64_TO_32_BIT_CONVERSION = YES;
				GCC_WARN_ABOUT_RETURN_TYPE = YES_ERROR;
				GCC_WARN_UNDECLARED_SELECTOR = YES;
				GCC_WARN_UNINITIALIZED_AUTOS = YES_AGGRESSIVE;
				GCC_WARN_UNUSED_FUNCTION = YES;
				GCC_WARN_UNUSED_VARIABLE = YES;
				IPHONEOS_DEPLOYMENT_TARGET = 17.0;
				LOCALIZATION_PREFERS_STRING_CATALOGS = YES;
				MTL_ENABLE_DEBUG_INFO = INCLUDE_SOURCE;
				MTL_FAST_MATH = YES;
				ONLY_ACTIVE_ARCH = YES;
				SDKROOT = iphoneos;
				SWIFT_ACTIVE_COMPILATION_CONDITIONS = "DEBUG $(inherited)";
				SWIFT_OPTIMIZATION_LEVEL = "-Onone";
			};
			name = Debug;
		};
		045A3EE92B46F8B1002E11F6 /* Release */ = {
			isa = XCBuildConfiguration;
			buildSettings = {
				ALWAYS_SEARCH_USER_PATHS = NO;
				ASSETCATALOG_COMPILER_GENERATE_SWIFT_ASSET_SYMBOL_EXTENSIONS = YES;
				CLANG_ANALYZER_NONNULL = YES;
				CLANG_ANALYZER_NUMBER_OBJECT_CONVERSION = YES_AGGRESSIVE;
				CLANG_CXX_LANGUAGE_STANDARD = "gnu++20";
				CLANG_ENABLE_MODULES = YES;
				CLANG_ENABLE_OBJC_ARC = YES;
				CLANG_ENABLE_OBJC_WEAK = YES;
				CLANG_WARN_BLOCK_CAPTURE_AUTORELEASING = YES;
				CLANG_WARN_BOOL_CONVERSION = YES;
				CLANG_WARN_COMMA = YES;
				CLANG_WARN_CONSTANT_CONVERSION = YES;
				CLANG_WARN_DEPRECATED_OBJC_IMPLEMENTATIONS = YES;
				CLANG_WARN_DIRECT_OBJC_ISA_USAGE = YES_ERROR;
				CLANG_WARN_DOCUMENTATION_COMMENTS = YES;
				CLANG_WARN_EMPTY_BODY = YES;
				CLANG_WARN_ENUM_CONVERSION = YES;
				CLANG_WARN_INFINITE_RECURSION = YES;
				CLANG_WARN_INT_CONVERSION = YES;
				CLANG_WARN_NON_LITERAL_NULL_CONVERSION = YES;
				CLANG_WARN_OBJC_IMPLICIT_RETAIN_SELF = YES;
				CLANG_WARN_OBJC_LITERAL_CONVERSION = YES;
				CLANG_WARN_OBJC_ROOT_CLASS = YES_ERROR;
				CLANG_WARN_QUOTED_INCLUDE_IN_FRAMEWORK_HEADER = YES;
				CLANG_WARN_RANGE_LOOP_ANALYSIS = YES;
				CLANG_WARN_STRICT_PROTOTYPES = YES;
				CLANG_WARN_SUSPICIOUS_MOVE = YES;
				CLANG_WARN_UNGUARDED_AVAILABILITY = YES_AGGRESSIVE;
				CLANG_WARN_UNREACHABLE_CODE = YES;
				CLANG_WARN__DUPLICATE_METHOD_MATCH = YES;
				COPY_PHASE_STRIP = NO;
				DEBUG_INFORMATION_FORMAT = "dwarf-with-dsym";
				ENABLE_NS_ASSERTIONS = NO;
				ENABLE_STRICT_OBJC_MSGSEND = YES;
				ENABLE_USER_SCRIPT_SANDBOXING = YES;
				GCC_C_LANGUAGE_STANDARD = gnu17;
				GCC_NO_COMMON_BLOCKS = YES;
				GCC_WARN_64_TO_32_BIT_CONVERSION = YES;
				GCC_WARN_ABOUT_RETURN_TYPE = YES_ERROR;
				GCC_WARN_UNDECLARED_SELECTOR = YES;
				GCC_WARN_UNINITIALIZED_AUTOS = YES_AGGRESSIVE;
				GCC_WARN_UNUSED_FUNCTION = YES;
				GCC_WARN_UNUSED_VARIABLE = YES;
				IPHONEOS_DEPLOYMENT_TARGET = 17.0;
				LOCALIZATION_PREFERS_STRING_CATALOGS = YES;
				MTL_ENABLE_DEBUG_INFO = NO;
				MTL_FAST_MATH = YES;
				SDKROOT = iphoneos;
				SWIFT_COMPILATION_MODE = wholemodule;
				VALIDATE_PRODUCT = YES;
			};
			name = Release;
		};
		045A3EEB2B46F8B1002E11F6 /* Debug */ = {
			isa = XCBuildConfiguration;
			buildSettings = {
				ASSETCATALOG_COMPILER_APPICON_NAME = AppIcon;
				ASSETCATALOG_COMPILER_GLOBAL_ACCENT_COLOR_NAME = AccentColor;
				CODE_SIGN_STYLE = Automatic;
				CURRENT_PROJECT_VERSION = 1;
				DEVELOPMENT_ASSET_PATHS = "\"FoodAdvisor/Preview Content\"";
				DEVELOPMENT_TEAM = B6H3U36D89;
				ENABLE_PREVIEWS = YES;
				GENERATE_INFOPLIST_FILE = YES;
				INFOPLIST_KEY_UIApplicationSceneManifest_Generation = YES;
				INFOPLIST_KEY_UIApplicationSupportsIndirectInputEvents = YES;
				INFOPLIST_KEY_UILaunchScreen_Generation = YES;
				INFOPLIST_KEY_UISupportedInterfaceOrientations_iPad = "UIInterfaceOrientationPortrait UIInterfaceOrientationPortraitUpsideDown UIInterfaceOrientationLandscapeLeft UIInterfaceOrientationLandscapeRight";
				INFOPLIST_KEY_UISupportedInterfaceOrientations_iPhone = "UIInterfaceOrientationPortrait UIInterfaceOrientationLandscapeLeft UIInterfaceOrientationLandscapeRight";
				LD_RUNPATH_SEARCH_PATHS = (
					"$(inherited)",
					"@executable_path/Frameworks",
				);
				MARKETING_VERSION = 1.0;
				PRODUCT_BUNDLE_IDENTIFIER = com.memksim.FoodAdvisor;
				PRODUCT_NAME = "$(TARGET_NAME)";
				SWIFT_EMIT_LOC_STRINGS = YES;
				SWIFT_VERSION = 5.0;
				TARGETED_DEVICE_FAMILY = "1,2";
			};
			name = Debug;
		};
		045A3EEC2B46F8B1002E11F6 /* Release */ = {
			isa = XCBuildConfiguration;
			buildSettings = {
				ASSETCATALOG_COMPILER_APPICON_NAME = AppIcon;
				ASSETCATALOG_COMPILER_GLOBAL_ACCENT_COLOR_NAME = AccentColor;
				CODE_SIGN_STYLE = Automatic;
				CURRENT_PROJECT_VERSION = 1;
				DEVELOPMENT_ASSET_PATHS = "\"FoodAdvisor/Preview Content\"";
				DEVELOPMENT_TEAM = B6H3U36D89;
				ENABLE_PREVIEWS = YES;
				GENERATE_INFOPLIST_FILE = YES;
				INFOPLIST_KEY_UIApplicationSceneManifest_Generation = YES;
				INFOPLIST_KEY_UIApplicationSupportsIndirectInputEvents = YES;
				INFOPLIST_KEY_UILaunchScreen_Generation = YES;
				INFOPLIST_KEY_UISupportedInterfaceOrientations_iPad = "UIInterfaceOrientationPortrait UIInterfaceOrientationPortraitUpsideDown UIInterfaceOrientationLandscapeLeft UIInterfaceOrientationLandscapeRight";
				INFOPLIST_KEY_UISupportedInterfaceOrientations_iPhone = "UIInterfaceOrientationPortrait UIInterfaceOrientationLandscapeLeft UIInterfaceOrientationLandscapeRight";
				LD_RUNPATH_SEARCH_PATHS = (
					"$(inherited)",
					"@executable_path/Frameworks",
				);
				MARKETING_VERSION = 1.0;
				PRODUCT_BUNDLE_IDENTIFIER = com.memksim.FoodAdvisor;
				PRODUCT_NAME = "$(TARGET_NAME)";
				SWIFT_EMIT_LOC_STRINGS = YES;
				SWIFT_VERSION = 5.0;
				TARGETED_DEVICE_FAMILY = "1,2";
			};
			name = Release;
		};
/* End XCBuildConfiguration section */

/* Begin XCConfigurationList section */
		045A3ED72B46F8B0002E11F6 /* Build configuration list for PBXProject "FoodAdvisor" */ = {
			isa = XCConfigurationList;
			buildConfigurations = (
				045A3EE82B46F8B1002E11F6 /* Debug */,
				045A3EE92B46F8B1002E11F6 /* Release */,
			);
			defaultConfigurationIsVisible = 0;
			defaultConfigurationName = Release;
		};
		045A3EEA2B46F8B1002E11F6 /* Build configuration list for PBXNativeTarget "FoodAdvisor" */ = {
			isa = XCConfigurationList;
			buildConfigurations = (
				045A3EEB2B46F8B1002E11F6 /* Debug */,
				045A3EEC2B46F8B1002E11F6 /* Release */,
			);
			defaultConfigurationIsVisible = 0;
			defaultConfigurationName = Release;
		};
/* End XCConfigurationList section */
	};
	rootObject = 045A3ED42B46F8B0002E11F6 /* Project object */;
}
